# This file is autogenerated, do not edit; changes may be undone by the next 'dep ensure'.


[[projects]]
  branch = "master"
  name = "github.com/beorn7/perks"
  packages = ["quantile"]
  revision = "4c0e84591b9aa9e6dcfdf3e020114cd81f89d5f9"

[[projects]]
  name = "github.com/codahale/hdrhistogram"
  packages = ["."]
  revision = "f8ad88b59a584afeee9d334eff879b104439117b"

[[projects]]
  name = "github.com/golang/protobuf"
  packages = ["proto","ptypes/any"]
  revision = "18c9bb3261723cd5401db4d0c9fbc5c3b6c70fe8"

[[projects]]
  branch = "master"
  name = "github.com/matttproud/golang_protobuf_extensions"
  packages = ["pbutil"]
  revision = "c12348ce28de40eed0136aa2b644d0ee0650e56c"

[[projects]]
  name = "github.com/prometheus/client_golang"
  packages = ["prometheus","prometheus/promhttp"]
  revision = "7d9484283ebefa862b5b7727d4344cfdf9a0d138"

[[projects]]
  branch = "master"
  name = "github.com/prometheus/client_model"
  packages = ["go"]
  revision = "6f3806018612930941127f2a7c6c453ba2c527d2"

[[projects]]
  name = "github.com/prometheus/common"
  packages = ["expfmt","internal/bitbucket.org/ww/goautoneg","model"]
  revision = "dd586c1c5abb0be59e60f942c22af711a2008cb4"

[[projects]]
  name = "github.com/prometheus/procfs"
  packages = [".","xfs"]
  revision = "d098ca18df8bc825079013daf7bacefbb1ee877e"

[[projects]]
  name = "golang.org/x/net"
  packages = ["context","http2","http2/hpack","idna","internal/timeseries","lex/httplex","trace"]
  revision = "feeb485667d1fdabe727840fe00adc22431bc86e"

[[projects]]
  name = "golang.org/x/text"
  packages = ["internal/gen","internal/triegen","internal/ucd","secure/bidirule","transform","unicode/bidi","unicode/cldr","unicode/norm","unicode/rangetable"]
  revision = "470f45bf29f4147d6fbd7dfd0a02a848e49f5bf4"

[[projects]]
  name = "golang.org/x/tools"
  packages = ["container/intsets"]
  revision = "f2cd9d3b518cfa0e287637dd02a895ce2b587f14"

[[projects]]
  name = "gonum.org/v1/gonum"
  packages = ["blas","blas/blas64","blas/gonum","blas/gonum/internal/math32","floats","internal/asm/f32","internal/asm/f64","lapack","lapack/gonum","lapack/lapack64","mathext","mathext/internal/amos","mathext/internal/cephes","mathext/internal/gonum","matrix","matrix/mat64","optimize","stat","stat/distmv","stat/distuv"]
  revision = "4aa1c52425a24f6eb7dd041b91e9086700585443"

[[projects]]
  name = "google.golang.org/genproto"
  packages = ["googleapis/rpc/status"]
  revision = "411e09b969b1170a9f0c467558eb4c4c110d9c77"

[[projects]]
  name = "google.golang.org/grpc"
  packages = [".","codes","credentials","grpclb/grpc_lb_v1","grpclog","internal","keepalive","metadata","naming","peer","stats","status","tap","transport"]
  revision = "68a5d50f4517bae2b44b18092410fe248d153f1e"

[[projects]]
  name = "gopkg.in/check.v1"
  packages = ["."]
  revision = "11d3bc7aa68e238947792f30573146a3231fc0f1"

[solve-meta]
  analyzer-name = "dep"
  analyzer-version = 1
  inputs-digest = "4c8f34a1892f8b2fbbc57d8e57649b310683f02b2d64d2122bd0379c8ae8b458"
  solver-name = "gps-cdcl"
  solver-version = 1
